// !$*UTF8*$!
{
	archiveVersion = 1;
	classes = {
	};
	objectVersion = 46;
	objects = {

/* Begin PBXBuildFile section */
		152E65641B8AA96600AB826C /* main.m in Sources */ = {isa = PBXBuildFile; fileRef = 152E65631B8AA96600AB826C /* main.m */; };
		152E656C1B8AA9FD00AB826C /* FiveDictionaries.m in Sources */ = {isa = PBXBuildFile; fileRef = 152E656B1B8AA9FD00AB826C /* FiveDictionaries.m */; };
/* End PBXBuildFile section */

/* Begin PBXCopyFilesBuildPhase section */
		152E655E1B8AA96600AB826C /* CopyFiles */ = {
			isa = PBXCopyFilesBuildPhase;
			buildActionMask = 2147483647;
			dstPath = /usr/share/man/man1/;
			dstSubfolderSpec = 0;
			files = (
			);
			runOnlyForDeploymentPostprocessing = 1;
		};
/* End PBXCopyFilesBuildPhase section */

/* Begin PBXFileReference section */
		152E65601B8AA96600AB826C /* PS4_ques3 */ = {isa = PBXFileReference; explicitFileType = "compiled.mach-o.executable"; includeInIndex = 0; path = PS4_ques3; sourceTree = BUILT_PRODUCTS_DIR; };
		152E65631B8AA96600AB826C /* main.m */ = {isa = PBXFileReference; lastKnownFileType = sourcecode.c.objc; path = main.m; sourceTree = "<group>"; };
		152E656A1B8AA9FD00AB826C /* FiveDictionaries.h */ = {isa = PBXFileReference; fileEncoding = 4; lastKnownFileType = sourcecode.c.h; path = FiveDictionaries.h; sourceTree = "<group>"; };
		152E656B1B8AA9FD00AB826C /* FiveDictionaries.m */ = {isa = PBXFileReference; fileEncoding = 4; lastKnownFileType = sourcecode.c.objc; path = FiveDictionaries.m; sourceTree = "<group>"; };
/* End PBXFileReference section */

/* Begin PBXFrameworksBuildPhase section */
		152E655D1B8AA96600AB826C /* Frameworks */ = {
			isa = PBXFrameworksBuildPhase;
			buildActionMask = 2147483647;
			files = (
			);
			runOnlyForDeploymentPostprocessing = 0;
		};
/* End PBXFrameworksBuildPhase section */

/* Begin PBXGroup section */
		152E65571B8AA96500AB826C = {
			isa = PBXGroup;
			children = (
				152E65621B8AA96600AB826C /* PS4_ques3 */,
				152E65611B8AA96600AB826C /* Products */,
			);
			sourceTree = "<group>";
		};
		152E65611B8AA96600AB826C /* Products */ = {
			isa = PBXGroup;
			children = (
				152E65601B8AA96600AB826C /* PS4_ques3 */,
			);
			name = Products;
			sourceTree = "<group>";
		};
		152E65621B8AA96600AB826C /* PS4_ques3 */ = {
			isa = PBXGroup;
			children = (
				152E65631B8AA96600AB826C /* main.m */,
				152E656A1B8AA9FD00AB826C /* FiveDictionaries.h */,
				152E656B1B8AA9FD00AB826C /* FiveDictionaries.m */,
			);
			path = PS4_ques3;
			sourceTree = "<group>";
		};
/* End PBXGroup section */

/* Begin PBXNativeTarget section */
		152E655F1B8AA96600AB826C /* PS4_ques3 */ = {
			isa = PBXNativeTarget;
			buildConfigurationList = 152E65671B8AA96600AB826C /* Build configuration list for PBXNativeTarget "PS4_ques3" */;
			buildPhases = (
				152E655C1B8AA96600AB826C /* Sources */,
				152E655D1B8AA96600AB826C /* Frameworks */,
				152E655E1B8AA96600AB826C /* CopyFiles */,
			);
			buildRules = (
			);
			dependencies = (
			);
			name = PS4_ques3;
			productName = PS4_ques3;
			productReference = 152E65601B8AA96600AB826C /* PS4_ques3 */;
			productType = "com.apple.product-type.tool";
		};
/* End PBXNativeTarget section */

/* Begin PBXProject section */
		152E65581B8AA96600AB826C /* Project object */ = {
			isa = PBXProject;
			attributes = {
				LastUpgradeCheck = 0640;
				ORGANIZATIONNAME = "Patti Donahue";
				TargetAttributes = {
					152E655F1B8AA96600AB826C = {
						CreatedOnToolsVersion = 6.4;
					};
				};
			};
			buildConfigurationList = 152E655B1B8AA96600AB826C /* Build configuration list for PBXProject "PS4_ques3" */;
			compatibilityVersion = "Xcode 3.2";
			developmentRegion = English;
			hasScannedForEncodings = 0;
			knownRegions = (
				en,
			);
			mainGroup = 152E65571B8AA96500AB826C;
			productRefGroup = 152E65611B8AA96600AB826C /* Products */;
			projectDirPath = "";
			projectRoot = "";
			targets = (
				152E655F1B8AA96600AB826C /* PS4_ques3 */,
			);
		};
/* End PBXProject section */

/* Begin PBXSourcesBuildPhase section */
		152E655C1B8AA96600AB826C /* Sources */ = {
			isa = PBXSourcesBuildPhase;
			buildActionMask = 2147483647;
			files = (
				152E65641B8AA96600AB826C /* main.m in Sources */,
				152E656C1B8AA9FD00AB826C /* FiveDictionaries.m in Sources */,
			);
			runOnlyForDeploymentPostprocessing = 0;
		};
/* End PBXSourcesBuildPhase section */

/* Begin XCBuildConfiguration section */
		152E65651B8AA96600AB826C /* Debug */ = {
			isa = XCBuildConfiguration;
			buildSettings = {
				ALWAYS_SEARCH_USER_PATHS = NO;
				CLANG_CXX_LANGUAGE_STANDARD = "gnu++0x";
				CLANG_CXX_LIBRARY = "libc++";
				CLANG_ENABLE_MODULES = YES;
				CLANG_ENABLE_OBJC_ARC = YES;
				CLANG_WARN_BOOL_CONVERSION = YES;
				CLANG_WARN_CONSTANT_CONVERSION = YES;
				CLANG_WARN_DIRECT_OBJC_ISA_USAGE = YES_ERROR;
				CLANG_WARN_EMPTY_BODY = YES;
				CLANG_WARN_ENUM_CONVERSION = YES;
				CLANG_WARN_INT_CONVERSION = YES;
				CLANG_WARN_OBJC_ROOT_CLASS = YES_ERROR;
				CLANG_WARN_UNREACHABLE_CODE = YES;
				CLANG_WARN__DUPLICATE_METHOD_MATCH = YES;
				COPY_PHASE_STRIP = NO;
				DEBUG_INFORMATION_FORMAT = dwarf;
				ENABLE_STRICT_OBJC_MSGSEND = YES;
				GCC_C_LANGUAGE_STANDARD = gnu99;
				GCC_DYNAMIC_NO_PIC = NO;
				GCC_NO_COMMON_BLOCKS = YES;
				GCC_OPTIMIZATION_LEVEL = 0;
				GCC_PREPROCESSOR_DEFINITIONS = (
					"DEBUG=1",
					"$(inherited)",
				);
				GCC_SYMBOLS_PRIVATE_EXTERN = NO;
				GCC_WARN_64_TO_32_BIT_CONVERSION = YES;
				GCC_WARN_ABOUT_RETURN_TYPE = YES_ERROR;
				GCC_WARN_UNDECLARED_SELECTOR = YES;
				GCC_WARN_UNINITIALIZED_AUTOS = YES_AGGRESSIVE;
				GCC_WARN_UNUSED_FUNCTION = YES;
				GCC_WARN_UNUSED_VARIABLE = YES;
				MACOSX_DEPLOYMENT_TARGET = 10.10;
				MTL_ENABLE_DEBUG_INFO = YES;
				ONLY_ACTIVE_ARCH = YES;
				SDKROOT = macosx;
			};
			name = Debug;
		};
		152E65661B8AA96600AB826C /* Release */ = {
			isa = XCBuildConfiguration;
			buildSettings = {
				ALWAYS_SEARCH_USER_PATHS = NO;
				CLANG_CXX_LANGUAGE_STANDARD = "gnu++0x";
				CLANG_CXX_LIBRARY = "libc++";
				CLANG_ENABLE_MODULES = YES;
				CLANG_ENABLE_OBJC_ARC = YES;
				CLANG_WARN_BOOL_CONVERSION = YES;
				CLANG_WARN_CONSTANT_CONVERSION = YES;
				CLANG_WARN_DIRECT_OBJC_ISA_USAGE = YES_ERROR;
				CLANG_WARN_EMPTY_BODY = YES;
				CLANG_WARN_ENUM_CONVERSION = YES;
				CLANG_WARN_INT_CONVERSION = YES;
				CLANG_WARN_OBJC_ROOT_CLASS = YES_ERROR;
				CLANG_WARN_UNREACHABLE_CODE = YES;
				CLANG_WARN__DUPLICATE_METHOD_MATCH = YES;
				COPY_PHASE_STRIP = NO;
				DEBUG_INFORMATION_FORMAT = "dwarf-with-dsym";
				ENABLE_NS_ASSERTIONS = NO;
				ENABLE_STRICT_OBJC_MSGSEND = YES;
				GCC_C_LANGUAGE_STANDARD = gnu99;
				GCC_NO_COMMON_BLOCKS = YES;
				GCC_WARN_64_TO_32_BIT_CONVERSION = YES;
				GCC_WARN_ABOUT_RETURN_TYPE = YES_ERROR;
				GCC_WARN_UNDECLARED_SELECTOR = YES;
				GCC_WARN_UNINITIALIZED_AUTOS = YES_AGGRESSIVE;
				GCC_WARN_UNUSED_FUNCTION = YES;
				GCC_WARN_UNUSED_VARIABLE = YES;
				MACOSX_DEPLOYMENT_TARGET = 10.10;
				MTL_ENABLE_DEBUG_INFO = NO;
				SDKROOT = macosx;
			};
			name = Release;
		};
		152E65681B8AA96600AB826C /* Debug */ = {
			isa = XCBuildConfiguration;
			buildSettings = {
				PRODUCT_NAME = "$(TARGET_NAME)";
			};
			name = Debug;
		};
		152E65691B8AA96600AB826C /* Release */ = {
			isa = XCBuildConfiguration;
			buildSettings = {
				PRODUCT_NAME = "$(TARGET_NAME)";
			};
			name = Release;
		};
/* End XCBuildConfiguration section */

/* Begin XCConfigurationList section */
		152E655B1B8AA96600AB826C /* Build configuration list for PBXProject "PS4_ques3" */ = {
			isa = XCConfigurationList;
			buildConfigurations = (
				152E65651B8AA96600AB826C /* Debug */,
				152E65661B8AA96600AB826C /* Release */,
			);
			defaultConfigurationIsVisible = 0;
			defaultConfigurationName = Release;
		};
		152E65671B8AA96600AB826C /* Build configuration list for PBXNativeTarget "PS4_ques3" */ = {
			isa = XCConfigurationList;
			buildConfigurations = (
				152E65681B8AA96600AB826C /* Debug */,
				152E65691B8AA96600AB826C /* Release */,
			);
			defaultConfigurationIsVisible = 0;
		};
/* End XCConfigurationList section */
	};
	rootObject = 152E65581B8AA96600AB826C /* Project object */;
}
