// !$*UTF8*$!
{
	archiveVersion = 1;
	classes = {
	};
	objectVersion = 46;
	objects = {

/* Begin PBXBuildFile section */
		15D5D9861BA90FF400D0134F /* main.m in Sources */ = {isa = PBXBuildFile; fileRef = 15D5D9851BA90FF400D0134F /* main.m */; };
		15D5D9891BA90FF400D0134F /* AppDelegate.m in Sources */ = {isa = PBXBuildFile; fileRef = 15D5D9881BA90FF400D0134F /* AppDelegate.m */; };
		15D5D98F1BA90FF400D0134F /* Main.storyboard in Resources */ = {isa = PBXBuildFile; fileRef = 15D5D98D1BA90FF400D0134F /* Main.storyboard */; };
		15D5D9911BA90FF400D0134F /* Images.xcassets in Resources */ = {isa = PBXBuildFile; fileRef = 15D5D9901BA90FF400D0134F /* Images.xcassets */; };
		15D5D9941BA90FF400D0134F /* LaunchScreen.xib in Resources */ = {isa = PBXBuildFile; fileRef = 15D5D9921BA90FF400D0134F /* LaunchScreen.xib */; };
		15D5D9A01BA90FF400D0134F /* AwesomeGFTests.m in Sources */ = {isa = PBXBuildFile; fileRef = 15D5D99F1BA90FF400D0134F /* AwesomeGFTests.m */; };
		15D5D9AB1BAA4E5B00D0134F /* CustomTableViewController.m in Sources */ = {isa = PBXBuildFile; fileRef = 15D5D9AA1BAA4E5B00D0134F /* CustomTableViewController.m */; };
/* End PBXBuildFile section */

/* Begin PBXContainerItemProxy section */
		15D5D99A1BA90FF400D0134F /* PBXContainerItemProxy */ = {
			isa = PBXContainerItemProxy;
			containerPortal = 15D5D9781BA90FF400D0134F /* Project object */;
			proxyType = 1;
			remoteGlobalIDString = 15D5D97F1BA90FF400D0134F;
			remoteInfo = AwesomeGF;
		};
/* End PBXContainerItemProxy section */

/* Begin PBXFileReference section */
		15D5D9801BA90FF400D0134F /* AwesomeGF.app */ = {isa = PBXFileReference; explicitFileType = wrapper.application; includeInIndex = 0; path = AwesomeGF.app; sourceTree = BUILT_PRODUCTS_DIR; };
		15D5D9841BA90FF400D0134F /* Info.plist */ = {isa = PBXFileReference; lastKnownFileType = text.plist.xml; path = Info.plist; sourceTree = "<group>"; };
		15D5D9851BA90FF400D0134F /* main.m */ = {isa = PBXFileReference; lastKnownFileType = sourcecode.c.objc; path = main.m; sourceTree = "<group>"; };
		15D5D9871BA90FF400D0134F /* AppDelegate.h */ = {isa = PBXFileReference; lastKnownFileType = sourcecode.c.h; path = AppDelegate.h; sourceTree = "<group>"; };
		15D5D9881BA90FF400D0134F /* AppDelegate.m */ = {isa = PBXFileReference; lastKnownFileType = sourcecode.c.objc; path = AppDelegate.m; sourceTree = "<group>"; };
		15D5D98E1BA90FF400D0134F /* Base */ = {isa = PBXFileReference; lastKnownFileType = file.storyboard; name = Base; path = Base.lproj/Main.storyboard; sourceTree = "<group>"; };
		15D5D9901BA90FF400D0134F /* Images.xcassets */ = {isa = PBXFileReference; lastKnownFileType = folder.assetcatalog; path = Images.xcassets; sourceTree = "<group>"; };
		15D5D9931BA90FF400D0134F /* Base */ = {isa = PBXFileReference; lastKnownFileType = file.xib; name = Base; path = Base.lproj/LaunchScreen.xib; sourceTree = "<group>"; };
		15D5D9991BA90FF400D0134F /* AwesomeGFTests.xctest */ = {isa = PBXFileReference; explicitFileType = wrapper.cfbundle; includeInIndex = 0; path = AwesomeGFTests.xctest; sourceTree = BUILT_PRODUCTS_DIR; };
		15D5D99E1BA90FF400D0134F /* Info.plist */ = {isa = PBXFileReference; lastKnownFileType = text.plist.xml; path = Info.plist; sourceTree = "<group>"; };
		15D5D99F1BA90FF400D0134F /* AwesomeGFTests.m */ = {isa = PBXFileReference; lastKnownFileType = sourcecode.c.objc; path = AwesomeGFTests.m; sourceTree = "<group>"; };
		15D5D9A91BAA4E5B00D0134F /* CustomTableViewController.h */ = {isa = PBXFileReference; fileEncoding = 4; lastKnownFileType = sourcecode.c.h; path = CustomTableViewController.h; sourceTree = "<group>"; };
		15D5D9AA1BAA4E5B00D0134F /* CustomTableViewController.m */ = {isa = PBXFileReference; fileEncoding = 4; lastKnownFileType = sourcecode.c.objc; path = CustomTableViewController.m; sourceTree = "<group>"; };
/* End PBXFileReference section */

/* Begin PBXFrameworksBuildPhase section */
		15D5D97D1BA90FF400D0134F /* Frameworks */ = {
			isa = PBXFrameworksBuildPhase;
			buildActionMask = 2147483647;
			files = (
			);
			runOnlyForDeploymentPostprocessing = 0;
		};
		15D5D9961BA90FF400D0134F /* Frameworks */ = {
			isa = PBXFrameworksBuildPhase;
			buildActionMask = 2147483647;
			files = (
			);
			runOnlyForDeploymentPostprocessing = 0;
		};
/* End PBXFrameworksBuildPhase section */

/* Begin PBXGroup section */
		15D5D9771BA90FF400D0134F = {
			isa = PBXGroup;
			children = (
				15D5D9821BA90FF400D0134F /* AwesomeGF */,
				15D5D99C1BA90FF400D0134F /* AwesomeGFTests */,
				15D5D9811BA90FF400D0134F /* Products */,
			);
			sourceTree = "<group>";
		};
		15D5D9811BA90FF400D0134F /* Products */ = {
			isa = PBXGroup;
			children = (
				15D5D9801BA90FF400D0134F /* AwesomeGF.app */,
				15D5D9991BA90FF400D0134F /* AwesomeGFTests.xctest */,
			);
			name = Products;
			sourceTree = "<group>";
		};
		15D5D9821BA90FF400D0134F /* AwesomeGF */ = {
			isa = PBXGroup;
			children = (
				15D5D9871BA90FF400D0134F /* AppDelegate.h */,
				15D5D9881BA90FF400D0134F /* AppDelegate.m */,
				15D5D98D1BA90FF400D0134F /* Main.storyboard */,
				15D5D9901BA90FF400D0134F /* Images.xcassets */,
				15D5D9921BA90FF400D0134F /* LaunchScreen.xib */,
				15D5D9831BA90FF400D0134F /* Supporting Files */,
				15D5D9A91BAA4E5B00D0134F /* CustomTableViewController.h */,
				15D5D9AA1BAA4E5B00D0134F /* CustomTableViewController.m */,
			);
			path = AwesomeGF;
			sourceTree = "<group>";
		};
		15D5D9831BA90FF400D0134F /* Supporting Files */ = {
			isa = PBXGroup;
			children = (
				15D5D9841BA90FF400D0134F /* Info.plist */,
				15D5D9851BA90FF400D0134F /* main.m */,
			);
			name = "Supporting Files";
			sourceTree = "<group>";
		};
		15D5D99C1BA90FF400D0134F /* AwesomeGFTests */ = {
			isa = PBXGroup;
			children = (
				15D5D99F1BA90FF400D0134F /* AwesomeGFTests.m */,
				15D5D99D1BA90FF400D0134F /* Supporting Files */,
			);
			path = AwesomeGFTests;
			sourceTree = "<group>";
		};
		15D5D99D1BA90FF400D0134F /* Supporting Files */ = {
			isa = PBXGroup;
			children = (
				15D5D99E1BA90FF400D0134F /* Info.plist */,
			);
			name = "Supporting Files";
			sourceTree = "<group>";
		};
/* End PBXGroup section */

/* Begin PBXNativeTarget section */
		15D5D97F1BA90FF400D0134F /* AwesomeGF */ = {
			isa = PBXNativeTarget;
			buildConfigurationList = 15D5D9A31BA90FF400D0134F /* Build configuration list for PBXNativeTarget "AwesomeGF" */;
			buildPhases = (
				15D5D97C1BA90FF400D0134F /* Sources */,
				15D5D97D1BA90FF400D0134F /* Frameworks */,
				15D5D97E1BA90FF400D0134F /* Resources */,
			);
			buildRules = (
			);
			dependencies = (
			);
			name = AwesomeGF;
			productName = AwesomeGF;
			productReference = 15D5D9801BA90FF400D0134F /* AwesomeGF.app */;
			productType = "com.apple.product-type.application";
		};
		15D5D9981BA90FF400D0134F /* AwesomeGFTests */ = {
			isa = PBXNativeTarget;
			buildConfigurationList = 15D5D9A61BA90FF400D0134F /* Build configuration list for PBXNativeTarget "AwesomeGFTests" */;
			buildPhases = (
				15D5D9951BA90FF400D0134F /* Sources */,
				15D5D9961BA90FF400D0134F /* Frameworks */,
				15D5D9971BA90FF400D0134F /* Resources */,
			);
			buildRules = (
			);
			dependencies = (
				15D5D99B1BA90FF400D0134F /* PBXTargetDependency */,
			);
			name = AwesomeGFTests;
			productName = AwesomeGFTests;
			productReference = 15D5D9991BA90FF400D0134F /* AwesomeGFTests.xctest */;
			productType = "com.apple.product-type.bundle.unit-test";
		};
/* End PBXNativeTarget section */

/* Begin PBXProject section */
		15D5D9781BA90FF400D0134F /* Project object */ = {
			isa = PBXProject;
			attributes = {
				LastUpgradeCheck = 0640;
				ORGANIZATIONNAME = PD;
				TargetAttributes = {
					15D5D97F1BA90FF400D0134F = {
						CreatedOnToolsVersion = 6.4;
					};
					15D5D9981BA90FF400D0134F = {
						CreatedOnToolsVersion = 6.4;
						TestTargetID = 15D5D97F1BA90FF400D0134F;
					};
				};
			};
			buildConfigurationList = 15D5D97B1BA90FF400D0134F /* Build configuration list for PBXProject "AwesomeGF" */;
			compatibilityVersion = "Xcode 3.2";
			developmentRegion = English;
			hasScannedForEncodings = 0;
			knownRegions = (
				en,
				Base,
			);
			mainGroup = 15D5D9771BA90FF400D0134F;
			productRefGroup = 15D5D9811BA90FF400D0134F /* Products */;
			projectDirPath = "";
			projectRoot = "";
			targets = (
				15D5D97F1BA90FF400D0134F /* AwesomeGF */,
				15D5D9981BA90FF400D0134F /* AwesomeGFTests */,
			);
		};
/* End PBXProject section */

/* Begin PBXResourcesBuildPhase section */
		15D5D97E1BA90FF400D0134F /* Resources */ = {
			isa = PBXResourcesBuildPhase;
			buildActionMask = 2147483647;
			files = (
				15D5D98F1BA90FF400D0134F /* Main.storyboard in Resources */,
				15D5D9941BA90FF400D0134F /* LaunchScreen.xib in Resources */,
				15D5D9911BA90FF400D0134F /* Images.xcassets in Resources */,
			);
			runOnlyForDeploymentPostprocessing = 0;
		};
		15D5D9971BA90FF400D0134F /* Resources */ = {
			isa = PBXResourcesBuildPhase;
			buildActionMask = 2147483647;
			files = (
			);
			runOnlyForDeploymentPostprocessing = 0;
		};
/* End PBXResourcesBuildPhase section */

/* Begin PBXSourcesBuildPhase section */
		15D5D97C1BA90FF400D0134F /* Sources */ = {
			isa = PBXSourcesBuildPhase;
			buildActionMask = 2147483647;
			files = (
				15D5D9891BA90FF400D0134F /* AppDelegate.m in Sources */,
				15D5D9AB1BAA4E5B00D0134F /* CustomTableViewController.m in Sources */,
				15D5D9861BA90FF400D0134F /* main.m in Sources */,
			);
			runOnlyForDeploymentPostprocessing = 0;
		};
		15D5D9951BA90FF400D0134F /* Sources */ = {
			isa = PBXSourcesBuildPhase;
			buildActionMask = 2147483647;
			files = (
				15D5D9A01BA90FF400D0134F /* AwesomeGFTests.m in Sources */,
			);
			runOnlyForDeploymentPostprocessing = 0;
		};
/* End PBXSourcesBuildPhase section */

/* Begin PBXTargetDependency section */
		15D5D99B1BA90FF400D0134F /* PBXTargetDependency */ = {
			isa = PBXTargetDependency;
			target = 15D5D97F1BA90FF400D0134F /* AwesomeGF */;
			targetProxy = 15D5D99A1BA90FF400D0134F /* PBXContainerItemProxy */;
		};
/* End PBXTargetDependency section */

/* Begin PBXVariantGroup section */
		15D5D98D1BA90FF400D0134F /* Main.storyboard */ = {
			isa = PBXVariantGroup;
			children = (
				15D5D98E1BA90FF400D0134F /* Base */,
			);
			name = Main.storyboard;
			sourceTree = "<group>";
		};
		15D5D9921BA90FF400D0134F /* LaunchScreen.xib */ = {
			isa = PBXVariantGroup;
			children = (
				15D5D9931BA90FF400D0134F /* Base */,
			);
			name = LaunchScreen.xib;
			sourceTree = "<group>";
		};
/* End PBXVariantGroup section */

/* Begin XCBuildConfiguration section */
		15D5D9A11BA90FF400D0134F /* Debug */ = {
			isa = XCBuildConfiguration;
			buildSettings = {
				ALWAYS_SEARCH_USER_PATHS = NO;
				CLANG_CXX_LANGUAGE_STANDARD = "gnu++0x";
				CLANG_CXX_LIBRARY = "libc++";
				CLANG_ENABLE_MODULES = YES;
				CLANG_ENABLE_OBJC_ARC = YES;
				CLANG_WARN_BOOL_CONVERSION = YES;
				CLANG_WARN_CONSTANT_CONVERSION = YES;
				CLANG_WARN_DIRECT_OBJC_ISA_USAGE = YES_ERROR;
				CLANG_WARN_EMPTY_BODY = YES;
				CLANG_WARN_ENUM_CONVERSION = YES;
				CLANG_WARN_INT_CONVERSION = YES;
				CLANG_WARN_OBJC_ROOT_CLASS = YES_ERROR;
				CLANG_WARN_UNREACHABLE_CODE = YES;
				CLANG_WARN__DUPLICATE_METHOD_MATCH = YES;
				"CODE_SIGN_IDENTITY[sdk=iphoneos*]" = "iPhone Developer";
				COPY_PHASE_STRIP = NO;
				DEBUG_INFORMATION_FORMAT = "dwarf-with-dsym";
				ENABLE_STRICT_OBJC_MSGSEND = YES;
				GCC_C_LANGUAGE_STANDARD = gnu99;
				GCC_DYNAMIC_NO_PIC = NO;
				GCC_NO_COMMON_BLOCKS = YES;
				GCC_OPTIMIZATION_LEVEL = 0;
				GCC_PREPROCESSOR_DEFINITIONS = (
					"DEBUG=1",
					"$(inherited)",
				);
				GCC_SYMBOLS_PRIVATE_EXTERN = NO;
				GCC_WARN_64_TO_32_BIT_CONVERSION = YES;
				GCC_WARN_ABOUT_RETURN_TYPE = YES_ERROR;
				GCC_WARN_UNDECLARED_SELECTOR = YES;
				GCC_WARN_UNINITIALIZED_AUTOS = YES_AGGRESSIVE;
				GCC_WARN_UNUSED_FUNCTION = YES;
				GCC_WARN_UNUSED_VARIABLE = YES;
				IPHONEOS_DEPLOYMENT_TARGET = 8.4;
				MTL_ENABLE_DEBUG_INFO = YES;
				ONLY_ACTIVE_ARCH = YES;
				SDKROOT = iphoneos;
			};
			name = Debug;
		};
		15D5D9A21BA90FF400D0134F /* Release */ = {
			isa = XCBuildConfiguration;
			buildSettings = {
				ALWAYS_SEARCH_USER_PATHS = NO;
				CLANG_CXX_LANGUAGE_STANDARD = "gnu++0x";
				CLANG_CXX_LIBRARY = "libc++";
				CLANG_ENABLE_MODULES = YES;
				CLANG_ENABLE_OBJC_ARC = YES;
				CLANG_WARN_BOOL_CONVERSION = YES;
				CLANG_WARN_CONSTANT_CONVERSION = YES;
				CLANG_WARN_DIRECT_OBJC_ISA_USAGE = YES_ERROR;
				CLANG_WARN_EMPTY_BODY = YES;
				CLANG_WARN_ENUM_CONVERSION = YES;
				CLANG_WARN_INT_CONVERSION = YES;
				CLANG_WARN_OBJC_ROOT_CLASS = YES_ERROR;
				CLANG_WARN_UNREACHABLE_CODE = YES;
				CLANG_WARN__DUPLICATE_METHOD_MATCH = YES;
				"CODE_SIGN_IDENTITY[sdk=iphoneos*]" = "iPhone Developer";
				COPY_PHASE_STRIP = NO;
				DEBUG_INFORMATION_FORMAT = "dwarf-with-dsym";
				ENABLE_NS_ASSERTIONS = NO;
				ENABLE_STRICT_OBJC_MSGSEND = YES;
				GCC_C_LANGUAGE_STANDARD = gnu99;
				GCC_NO_COMMON_BLOCKS = YES;
				GCC_WARN_64_TO_32_BIT_CONVERSION = YES;
				GCC_WARN_ABOUT_RETURN_TYPE = YES_ERROR;
				GCC_WARN_UNDECLARED_SELECTOR = YES;
				GCC_WARN_UNINITIALIZED_AUTOS = YES_AGGRESSIVE;
				GCC_WARN_UNUSED_FUNCTION = YES;
				GCC_WARN_UNUSED_VARIABLE = YES;
				IPHONEOS_DEPLOYMENT_TARGET = 8.4;
				MTL_ENABLE_DEBUG_INFO = NO;
				SDKROOT = iphoneos;
				VALIDATE_PRODUCT = YES;
			};
			name = Release;
		};
		15D5D9A41BA90FF400D0134F /* Debug */ = {
			isa = XCBuildConfiguration;
			buildSettings = {
				ASSETCATALOG_COMPILER_APPICON_NAME = AppIcon;
				INFOPLIST_FILE = AwesomeGF/Info.plist;
				LD_RUNPATH_SEARCH_PATHS = "$(inherited) @executable_path/Frameworks";
				PRODUCT_NAME = "$(TARGET_NAME)";
			};
			name = Debug;
		};
		15D5D9A51BA90FF400D0134F /* Release */ = {
			isa = XCBuildConfiguration;
			buildSettings = {
				ASSETCATALOG_COMPILER_APPICON_NAME = AppIcon;
				INFOPLIST_FILE = AwesomeGF/Info.plist;
				LD_RUNPATH_SEARCH_PATHS = "$(inherited) @executable_path/Frameworks";
				PRODUCT_NAME = "$(TARGET_NAME)";
			};
			name = Release;
		};
		15D5D9A71BA90FF400D0134F /* Debug */ = {
			isa = XCBuildConfiguration;
			buildSettings = {
				BUNDLE_LOADER = "$(TEST_HOST)";
				FRAMEWORK_SEARCH_PATHS = (
					"$(SDKROOT)/Developer/Library/Frameworks",
					"$(inherited)",
				);
				GCC_PREPROCESSOR_DEFINITIONS = (
					"DEBUG=1",
					"$(inherited)",
				);
				INFOPLIST_FILE = AwesomeGFTests/Info.plist;
				LD_RUNPATH_SEARCH_PATHS = "$(inherited) @executable_path/Frameworks @loader_path/Frameworks";
				PRODUCT_NAME = "$(TARGET_NAME)";
				TEST_HOST = "$(BUILT_PRODUCTS_DIR)/AwesomeGF.app/AwesomeGF";
			};
			name = Debug;
		};
		15D5D9A81BA90FF400D0134F /* Release */ = {
			isa = XCBuildConfiguration;
			buildSettings = {
				BUNDLE_LOADER = "$(TEST_HOST)";
				FRAMEWORK_SEARCH_PATHS = (
					"$(SDKROOT)/Developer/Library/Frameworks",
					"$(inherited)",
				);
				INFOPLIST_FILE = AwesomeGFTests/Info.plist;
				LD_RUNPATH_SEARCH_PATHS = "$(inherited) @executable_path/Frameworks @loader_path/Frameworks";
				PRODUCT_NAME = "$(TARGET_NAME)";
				TEST_HOST = "$(BUILT_PRODUCTS_DIR)/AwesomeGF.app/AwesomeGF";
			};
			name = Release;
		};
/* End XCBuildConfiguration section */

/* Begin XCConfigurationList section */
		15D5D97B1BA90FF400D0134F /* Build configuration list for PBXProject "AwesomeGF" */ = {
			isa = XCConfigurationList;
			buildConfigurations = (
				15D5D9A11BA90FF400D0134F /* Debug */,
				15D5D9A21BA90FF400D0134F /* Release */,
			);
			defaultConfigurationIsVisible = 0;
			defaultConfigurationName = Release;
		};
		15D5D9A31BA90FF400D0134F /* Build configuration list for PBXNativeTarget "AwesomeGF" */ = {
			isa = XCConfigurationList;
			buildConfigurations = (
				15D5D9A41BA90FF400D0134F /* Debug */,
				15D5D9A51BA90FF400D0134F /* Release */,
			);
			defaultConfigurationIsVisible = 0;
		};
		15D5D9A61BA90FF400D0134F /* Build configuration list for PBXNativeTarget "AwesomeGFTests" */ = {
			isa = XCConfigurationList;
			buildConfigurations = (
				15D5D9A71BA90FF400D0134F /* Debug */,
				15D5D9A81BA90FF400D0134F /* Release */,
			);
			defaultConfigurationIsVisible = 0;
		};
/* End XCConfigurationList section */
	};
	rootObject = 15D5D9781BA90FF400D0134F /* Project object */;
}
